
Microsoft Visual Studio Solution File, Format Version 12.00
# Visual Studio Version 16
VisualStudioVersion = 16.0.31005.135
MinimumVisualStudioVersion = 10.0.40219.1
Project("{FAE04EC0-301F-11D3-BF4B-00C04F79EFBC}") = "MurphyNET", "MurphyNET\MurphyNET.csproj", "{231EB699-E38C-4724-9B56-59DBEEE16A21}"
EndProject
Global
	GlobalSection(SolutionConfigurationPlatforms) = preSolution
		Debug|Any CPU = Debug|Any CPU
		Release|Any CPU = Release|Any CPU
	EndGlobalSection
	GlobalSection(ProjectConfigurationPlatforms) = postSolution
		{231EB699-E38C-4724-9B56-59DBEEE16A21}.Debug|Any CPU.ActiveCfg = Debug|Any CPU
		{231EB699-E38C-4724-9B56-59DBEEE16A21}.Debug|Any CPU.Build.0 = Debug|Any CPU
		{231EB699-E38C-4724-9B56-59DBEEE16A21}.Release|Any CPU.ActiveCfg = Release|Any CPU
		{231EB699-E38C-4724-9B56-59DBEEE16A21}.Release|Any CPU.Build.0 = Release|Any CPU
	EndGlobalSection
	GlobalSection(SolutionProperties) = preSolution
		HideSolutionNode = FALSE
	EndGlobalSection
	GlobalSection(ExtensibilityGlobals) = postSolution
		SolutionGuid = {7B5C2891-C94A-4D63-815C-C70305267539}
	EndGlobalSection
EndGlobal
